// !$*UTF8*$!
{
	archiveVersion = 1;
	classes = {
	};
	objectVersion = 44;
	objects = {

/* Begin PBXBuildFile section */
		2D7D1E0C108CEC9E00E5E2BB /* TableView.m in Sources */ = {isa = PBXBuildFile; fileRef = 2D7D1E0B108CEC9E00E5E2BB /* TableView.m */; };
		2D927E08108E8A250093D693 /* gitDateToHumanReadableTransformer.m in Sources */ = {isa = PBXBuildFile; fileRef = 2D927E07108E8A250093D693 /* gitDateToHumanReadableTransformer.m */; };
		2DA2BBD9106AB8A80004156F /* skeinforge-0005 in Resources */ = {isa = PBXBuildFile; fileRef = 2DA2BB0D106AB8A80004156F /* skeinforge-0005 */; };
		2DA2BCD3106AB95C0004156F /* .skeinforge in Resources */ = {isa = PBXBuildFile; fileRef = 2DA2BBE0106AB95C0004156F /* .skeinforge */; };
		2DC66DC71095778D00E15482 /* reprap_python_beanshell in Resources */ = {isa = PBXBuildFile; fileRef = 2DC66C801095778D00E15482 /* reprap_python_beanshell */; };
		2DC6F856109B937800D455DE /* SkeinFoxLogo--MultiSized.icns in Resources */ = {isa = PBXBuildFile; fileRef = 2DC6F855109B937800D455DE /* SkeinFoxLogo--MultiSized.icns */; };
		2DDC41B01069FD32000BCA31 /* ShellTask.m in Sources */ = {isa = PBXBuildFile; fileRef = 2DDC41AE1069FD32000BCA31 /* ShellTask.m */; };
		2DE975C31086AAE90063CFD9 /* hive76-buib_only.png in Resources */ = {isa = PBXBuildFile; fileRef = 2DE975C21086AAE90063CFD9 /* hive76-buib_only.png */; };
		8D11072A0486CEB800E47090 /* MainMenu.nib in Resources */ = {isa = PBXBuildFile; fileRef = 29B97318FDCFA39411CA2CEA /* MainMenu.nib */; };
		8D11072B0486CEB800E47090 /* InfoPlist.strings in Resources */ = {isa = PBXBuildFile; fileRef = 089C165CFE840E0CC02AAC07 /* InfoPlist.strings */; };
		8D11072D0486CEB800E47090 /* main.m in Sources */ = {isa = PBXBuildFile; fileRef = 29B97316FDCFA39411CA2CEA /* main.m */; settings = {ATTRIBUTES = (); }; };
		8D11072F0486CEB800E47090 /* Cocoa.framework in Frameworks */ = {isa = PBXBuildFile; fileRef = 1058C7A1FEA54F0111CA2CBB /* Cocoa.framework */; };
		A5C6979F0D4C49D1008DF2C0 /* Controller.m in Sources */ = {isa = PBXBuildFile; fileRef = A5C6979E0D4C49D1008DF2C0 /* Controller.m */; };
		A5C697A40D4C49DF008DF2C0 /* gitBranch.m in Sources */ = {isa = PBXBuildFile; fileRef = A5C697A30D4C49DF008DF2C0 /* gitBranch.m */; };
/* End PBXBuildFile section */

/* Begin PBXFileReference section */
		089C165DFE840E0CC02AAC07 /* English */ = {isa = PBXFileReference; fileEncoding = 10; lastKnownFileType = text.plist.strings; name = English; path = English.lproj/InfoPlist.strings; sourceTree = "<group>"; };
		1058C7A1FEA54F0111CA2CBB /* Cocoa.framework */ = {isa = PBXFileReference; lastKnownFileType = wrapper.framework; name = Cocoa.framework; path = /System/Library/Frameworks/Cocoa.framework; sourceTree = "<absolute>"; };
		13E42FB307B3F0F600E4EEF1 /* CoreData.framework */ = {isa = PBXFileReference; lastKnownFileType = wrapper.framework; name = CoreData.framework; path = /System/Library/Frameworks/CoreData.framework; sourceTree = "<absolute>"; };
		29B97316FDCFA39411CA2CEA /* main.m */ = {isa = PBXFileReference; fileEncoding = 4; lastKnownFileType = sourcecode.c.objc; path = main.m; sourceTree = "<group>"; };
		29B97319FDCFA39411CA2CEA /* English */ = {isa = PBXFileReference; lastKnownFileType = wrapper.nib; name = English; path = English.lproj/MainMenu.nib; sourceTree = "<group>"; };
		29B97324FDCFA39411CA2CEA /* AppKit.framework */ = {isa = PBXFileReference; lastKnownFileType = wrapper.framework; name = AppKit.framework; path = /System/Library/Frameworks/AppKit.framework; sourceTree = "<absolute>"; };
		29B97325FDCFA39411CA2CEA /* Foundation.framework */ = {isa = PBXFileReference; lastKnownFileType = wrapper.framework; name = Foundation.framework; path = /System/Library/Frameworks/Foundation.framework; sourceTree = "<absolute>"; };
		2D5310221069F71300B4687D /* SkeinFox_Prefix.pch */ = {isa = PBXFileReference; fileEncoding = 30; lastKnownFileType = sourcecode.c.h; path = SkeinFox_Prefix.pch; sourceTree = "<group>"; };
		2D7D1E0A108CEC9E00E5E2BB /* TableView.h */ = {isa = PBXFileReference; fileEncoding = 4; lastKnownFileType = sourcecode.c.h; path = TableView.h; sourceTree = "<group>"; };
		2D7D1E0B108CEC9E00E5E2BB /* TableView.m */ = {isa = PBXFileReference; fileEncoding = 4; lastKnownFileType = sourcecode.c.objc; path = TableView.m; sourceTree = "<group>"; };
		2D927E06108E8A250093D693 /* gitDateToHumanReadableTransformer.h */ = {isa = PBXFileReference; fileEncoding = 4; lastKnownFileType = sourcecode.c.h; path = gitDateToHumanReadableTransformer.h; sourceTree = "<group>"; };
		2D927E07108E8A250093D693 /* gitDateToHumanReadableTransformer.m */ = {isa = PBXFileReference; fileEncoding = 4; lastKnownFileType = sourcecode.c.objc; path = gitDateToHumanReadableTransformer.m; sourceTree = "<group>"; };
		2DA2BB0D106AB8A80004156F /* skeinforge-0005 */ = {isa = PBXFileReference; lastKnownFileType = folder; path = "skeinforge-0005"; sourceTree = "<group>"; };
		2DA2BBE0106AB95C0004156F /* .skeinforge */ = {isa = PBXFileReference; lastKnownFileType = folder; path = .skeinforge; sourceTree = "<group>"; };
		2DC66C801095778D00E15482 /* reprap_python_beanshell */ = {isa = PBXFileReference; lastKnownFileType = folder; path = reprap_python_beanshell; sourceTree = "<group>"; };
		2DC6F855109B937800D455DE /* SkeinFoxLogo--MultiSized.icns */ = {isa = PBXFileReference; lastKnownFileType = image.icns; path = "SkeinFoxLogo--MultiSized.icns"; sourceTree = "<group>"; };
		2DDC41AE1069FD32000BCA31 /* ShellTask.m */ = {isa = PBXFileReference; fileEncoding = 30; lastKnownFileType = sourcecode.c.objc; path = ShellTask.m; sourceTree = "<group>"; };
		2DDC41AF1069FD32000BCA31 /* ShellTask.h */ = {isa = PBXFileReference; fileEncoding = 30; lastKnownFileType = sourcecode.c.h; path = ShellTask.h; sourceTree = "<group>"; };
		2DE975C21086AAE90063CFD9 /* hive76-buib_only.png */ = {isa = PBXFileReference; lastKnownFileType = image.png; path = "hive76-buib_only.png"; sourceTree = "<group>"; };
		8D1107310486CEB800E47090 /* Info.plist */ = {isa = PBXFileReference; fileEncoding = 4; lastKnownFileType = text.plist.xml; path = Info.plist; sourceTree = "<group>"; };
		8D1107320486CEB800E47090 /* SkeinFox.app */ = {isa = PBXFileReference; explicitFileType = wrapper.application; includeInIndex = 0; path = SkeinFox.app; sourceTree = BUILT_PRODUCTS_DIR; };
		A5C6979D0D4C49D1008DF2C0 /* Controller.h */ = {isa = PBXFileReference; fileEncoding = 4; lastKnownFileType = sourcecode.c.h; path = Controller.h; sourceTree = "<group>"; };
		A5C6979E0D4C49D1008DF2C0 /* Controller.m */ = {isa = PBXFileReference; fileEncoding = 4; lastKnownFileType = sourcecode.c.objc; path = Controller.m; sourceTree = "<group>"; };
		A5C697A20D4C49DF008DF2C0 /* gitBranch.h */ = {isa = PBXFileReference; fileEncoding = 4; lastKnownFileType = sourcecode.c.h; path = gitBranch.h; sourceTree = "<group>"; };
		A5C697A30D4C49DF008DF2C0 /* gitBranch.m */ = {isa = PBXFileReference; fileEncoding = 4; lastKnownFileType = sourcecode.c.objc; path = gitBranch.m; sourceTree = "<group>"; };
/* End PBXFileReference section */

/* Begin PBXFrameworksBuildPhase section */
		8D11072E0486CEB800E47090 /* Frameworks */ = {
			isa = PBXFrameworksBuildPhase;
			buildActionMask = 2147483647;
			files = (
				8D11072F0486CEB800E47090 /* Cocoa.framework in Frameworks */,
			);
			runOnlyForDeploymentPostprocessing = 0;
		};
/* End PBXFrameworksBuildPhase section */

/* Begin PBXGroup section */
		080E96DDFE201D6D7F000001 /* Classes */ = {
			isa = PBXGroup;
			children = (
				A5C6979D0D4C49D1008DF2C0 /* Controller.h */,
				A5C6979E0D4C49D1008DF2C0 /* Controller.m */,
				A5C697A20D4C49DF008DF2C0 /* gitBranch.h */,
				A5C697A30D4C49DF008DF2C0 /* gitBranch.m */,
				2DDC41AE1069FD32000BCA31 /* ShellTask.m */,
				2DDC41AF1069FD32000BCA31 /* ShellTask.h */,
				2D927E06108E8A250093D693 /* gitDateToHumanReadableTransformer.h */,
				2D927E07108E8A250093D693 /* gitDateToHumanReadableTransformer.m */,
				2D7D1E0A108CEC9E00E5E2BB /* TableView.h */,
				2D7D1E0B108CEC9E00E5E2BB /* TableView.m */,
			);
			name = Classes;
			sourceTree = "<group>";
		};
		1058C7A0FEA54F0111CA2CBB /* Linked Frameworks */ = {
			isa = PBXGroup;
			children = (
				1058C7A1FEA54F0111CA2CBB /* Cocoa.framework */,
			);
			name = "Linked Frameworks";
			sourceTree = "<group>";
		};
		1058C7A2FEA54F0111CA2CBB /* Other Frameworks */ = {
			isa = PBXGroup;
			children = (
				29B97324FDCFA39411CA2CEA /* AppKit.framework */,
				13E42FB307B3F0F600E4EEF1 /* CoreData.framework */,
				29B97325FDCFA39411CA2CEA /* Foundation.framework */,
			);
			name = "Other Frameworks";
			sourceTree = "<group>";
		};
		19C28FACFE9D520D11CA2CBB /* Products */ = {
			isa = PBXGroup;
			children = (
				8D1107320486CEB800E47090 /* SkeinFox.app */,
			);
			name = Products;
			sourceTree = "<group>";
		};
		29B97314FDCFA39411CA2CEA /* NSPopUpButtonBindings */ = {
			isa = PBXGroup;
			children = (
				080E96DDFE201D6D7F000001 /* Classes */,
				29B97315FDCFA39411CA2CEA /* Other Sources */,
				29B97317FDCFA39411CA2CEA /* Resources */,
				29B97323FDCFA39411CA2CEA /* Frameworks */,
				19C28FACFE9D520D11CA2CBB /* Products */,
			);
			name = NSPopUpButtonBindings;
			sourceTree = "<group>";
		};
		29B97315FDCFA39411CA2CEA /* Other Sources */ = {
			isa = PBXGroup;
			children = (
				2D5310221069F71300B4687D /* SkeinFox_Prefix.pch */,
				29B97316FDCFA39411CA2CEA /* main.m */,
			);
			name = "Other Sources";
			sourceTree = "<group>";
		};
		29B97317FDCFA39411CA2CEA /* Resources */ = {
			isa = PBXGroup;
			children = (
				2DC6F855109B937800D455DE /* SkeinFoxLogo--MultiSized.icns */,
				2DA2BB0D106AB8A80004156F /* skeinforge-0005 */,
				2DC66C801095778D00E15482 /* reprap_python_beanshell */,
				8D1107310486CEB800E47090 /* Info.plist */,
				2DE975C21086AAE90063CFD9 /* hive76-buib_only.png */,
				2DA2BBE0106AB95C0004156F /* .skeinforge */,
				089C165CFE840E0CC02AAC07 /* InfoPlist.strings */,
				29B97318FDCFA39411CA2CEA /* MainMenu.nib */,
			);
			name = Resources;
			sourceTree = "<group>";
		};
		29B97323FDCFA39411CA2CEA /* Frameworks */ = {
			isa = PBXGroup;
			children = (
				1058C7A0FEA54F0111CA2CBB /* Linked Frameworks */,
				1058C7A2FEA54F0111CA2CBB /* Other Frameworks */,
			);
			name = Frameworks;
			sourceTree = "<group>";
		};
/* End PBXGroup section */

/* Begin PBXNativeTarget section */
		8D1107260486CEB800E47090 /* SkeinFox */ = {
			isa = PBXNativeTarget;
			buildConfigurationList = C01FCF4A08A954540054247B /* Build configuration list for PBXNativeTarget "SkeinFox" */;
			buildPhases = (
				8D1107290486CEB800E47090 /* Resources */,
				8D11072C0486CEB800E47090 /* Sources */,
				8D11072E0486CEB800E47090 /* Frameworks */,
			);
			buildRules = (
			);
			dependencies = (
			);
			name = SkeinFox;
			productInstallPath = "$(HOME)/Applications";
			productName = NSPopUpButtonBindings;
			productReference = 8D1107320486CEB800E47090 /* SkeinFox.app */;
			productType = "com.apple.product-type.application";
		};
/* End PBXNativeTarget section */

/* Begin PBXProject section */
		29B97313FDCFA39411CA2CEA /* Project object */ = {
			isa = PBXProject;
			buildConfigurationList = C01FCF4E08A954540054247B /* Build configuration list for PBXProject "SkeinFox" */;
			compatibilityVersion = "Xcode 3.0";
			hasScannedForEncodings = 1;
			mainGroup = 29B97314FDCFA39411CA2CEA /* NSPopUpButtonBindings */;
			projectDirPath = "";
			projectRoot = "";
			targets = (
				8D1107260486CEB800E47090 /* SkeinFox */,
			);
		};
/* End PBXProject section */

/* Begin PBXResourcesBuildPhase section */
		8D1107290486CEB800E47090 /* Resources */ = {
			isa = PBXResourcesBuildPhase;
			buildActionMask = 2147483647;
			files = (
				8D11072A0486CEB800E47090 /* MainMenu.nib in Resources */,
				8D11072B0486CEB800E47090 /* InfoPlist.strings in Resources */,
				2DA2BBD9106AB8A80004156F /* skeinforge-0005 in Resources */,
				2DA2BCD3106AB95C0004156F /* .skeinforge in Resources */,
				2DE975C31086AAE90063CFD9 /* hive76-buib_only.png in Resources */,
				2DC66DC71095778D00E15482 /* reprap_python_beanshell in Resources */,
				2DC6F856109B937800D455DE /* SkeinFoxLogo--MultiSized.icns in Resources */,
			);
			runOnlyForDeploymentPostprocessing = 0;
		};
/* End PBXResourcesBuildPhase section */

/* Begin PBXSourcesBuildPhase section */
		8D11072C0486CEB800E47090 /* Sources */ = {
			isa = PBXSourcesBuildPhase;
			buildActionMask = 2147483647;
			files = (
				8D11072D0486CEB800E47090 /* main.m in Sources */,
				A5C6979F0D4C49D1008DF2C0 /* Controller.m in Sources */,
				A5C697A40D4C49DF008DF2C0 /* gitBranch.m in Sources */,
				2DDC41B01069FD32000BCA31 /* ShellTask.m in Sources */,
				2D7D1E0C108CEC9E00E5E2BB /* TableView.m in Sources */,
				2D927E08108E8A250093D693 /* gitDateToHumanReadableTransformer.m in Sources */,
			);
			runOnlyForDeploymentPostprocessing = 0;
		};
/* End PBXSourcesBuildPhase section */

/* Begin PBXVariantGroup section */
		089C165CFE840E0CC02AAC07 /* InfoPlist.strings */ = {
			isa = PBXVariantGroup;
			children = (
				089C165DFE840E0CC02AAC07 /* English */,
			);
			name = InfoPlist.strings;
			sourceTree = "<group>";
		};
		29B97318FDCFA39411CA2CEA /* MainMenu.nib */ = {
			isa = PBXVariantGroup;
			children = (
				29B97319FDCFA39411CA2CEA /* English */,
			);
			name = MainMenu.nib;
			sourceTree = "<group>";
		};
/* End PBXVariantGroup section */

/* Begin XCBuildConfiguration section */
		C01FCF4B08A954540054247B /* Debug */ = {
			isa = XCBuildConfiguration;
			buildSettings = {
				COPY_PHASE_STRIP = NO;
				CURRENT_PROJECT_VERSION = 40;
				GCC_DYNAMIC_NO_PIC = NO;
				GCC_ENABLE_FIX_AND_CONTINUE = YES;
				GCC_MODEL_TUNING = G5;
				GCC_OPTIMIZATION_LEVEL = 0;
				GCC_PRECOMPILE_PREFIX_HEADER = YES;
				GCC_PREFIX_HEADER = SkeinFox_Prefix.pch;
				INFOPLIST_FILE = Info.plist;
				INSTALL_PATH = "$(HOME)/Applications";
				PRODUCT_NAME = SkeinFox;
				WRAPPER_EXTENSION = app;
				ZERO_LINK = YES;
			};
			name = Debug;
		};
		C01FCF4C08A954540054247B /* Release */ = {
			isa = XCBuildConfiguration;
			buildSettings = {
				CURRENT_PROJECT_VERSION = 40;
				DEBUG_INFORMATION_FORMAT = "dwarf-with-dsym";
				GCC_MODEL_TUNING = G5;
				GCC_PRECOMPILE_PREFIX_HEADER = YES;
				GCC_PREFIX_HEADER = SkeinFox_Prefix.pch;
				INFOPLIST_FILE = Info.plist;
				INSTALL_PATH = "$(HOME)/Applications";
				PRODUCT_NAME = SkeinFox;
				WRAPPER_EXTENSION = app;
			};
			name = Release;
		};
		C01FCF4F08A954540054247B /* Debug */ = {
			isa = XCBuildConfiguration;
			buildSettings = {
				GCC_WARN_ABOUT_RETURN_TYPE = YES;
				GCC_WARN_UNUSED_VARIABLE = YES;
				PREBINDING = NO;
				SDKROOT = "$(DEVELOPER_SDK_DIR)/MacOSX10.5.sdk";
			};
			name = Debug;
		};
		C01FCF5008A954540054247B /* Release */ = {
			isa = XCBuildConfiguration;
			buildSettings = {
				ARCHS = (
					ppc,
					i386,
				);
				GCC_WARN_ABOUT_RETURN_TYPE = YES;
				GCC_WARN_UNUSED_VARIABLE = YES;
				PREBINDING = NO;
				SDKROOT = "$(DEVELOPER_SDK_DIR)/MacOSX10.5.sdk";
			};
			name = Release;
		};
/* End XCBuildConfiguration section */

/* Begin XCConfigurationList section */
		C01FCF4A08A954540054247B /* Build configuration list for PBXNativeTarget "SkeinFox" */ = {
			isa = XCConfigurationList;
			buildConfigurations = (
				C01FCF4B08A954540054247B /* Debug */,
				C01FCF4C08A954540054247B /* Release */,
			);
			defaultConfigurationIsVisible = 0;
			defaultConfigurationName = Release;
		};
		C01FCF4E08A954540054247B /* Build configuration list for PBXProject "SkeinFox" */ = {
			isa = XCConfigurationList;
			buildConfigurations = (
				C01FCF4F08A954540054247B /* Debug */,
				C01FCF5008A954540054247B /* Release */,
			);
			defaultConfigurationIsVisible = 0;
			defaultConfigurationName = Release;
		};
/* End XCConfigurationList section */
	};
	rootObject = 29B97313FDCFA39411CA2CEA /* Project object */;
}
